[[package]]
name = "black"
version = "21.12b0"
description = "The uncompromising code formatter."
category = "main"
optional = false
python-versions = ">=3.6.2"

[package.dependencies]
click = ">=7.1.2"
mypy-extensions = ">=0.4.3"
pathspec = ">=0.9.0,<1"
platformdirs = ">=2"
tomli = ">=0.2.6,<2.0.0"
typing-extensions = [
    {version = ">=3.10.0.0", markers = "python_version < \"3.10\""},
    {version = "!=3.10.0.1", markers = "python_version >= \"3.10\""},
]

[package.extras]
colorama = ["colorama (>=0.4.3)"]
d = ["aiohttp (>=3.7.4)"]
jupyter = ["ipython (>=7.8.0)", "tokenize-rt (>=3.2.0)"]
python2 = ["typed-ast (>=1.4.3)"]
uvloop = ["uvloop (>=0.15.2)"]

[[package]]
name = "click"
version = "8.0.3"
description = "Composable command line interface toolkit"
category = "main"
optional = false
python-versions = ">=3.6"

[package.dependencies]
colorama = {version = "*", markers = "platform_system == \"Windows\""}

[[package]]
name = "colorama"
version = "0.4.4"
description = "Cross-platform colored terminal text."
category = "main"
optional = false
python-versions = ">=2.7, !=3.0.*, !=3.1.*, !=3.2.*, !=3.3.*, !=3.4.*"

[[package]]
name = "commonmark"
version = "0.9.1"
description = "Python parser for the CommonMark Markdown spec"
category = "main"
optional = false
python-versions = "*"

[package.extras]
test = ["flake8 (==3.7.8)", "hypothesis (==3.55.3)"]

[[package]]
name = "invoke"
version = "1.6.0"
description = "Pythonic task execution"
category = "main"
optional = false
python-versions = "*"

[[package]]
name = "isort"
version = "5.10.1"
description = "A Python utility / library to sort Python imports."
category = "main"
optional = false
python-versions = ">=3.6.1,<4.0"

[package.extras]
pipfile_deprecated_finder = ["pipreqs", "requirementslib"]
requirements_deprecated_finder = ["pipreqs", "pip-api"]
colors = ["colorama (>=0.4.3,<0.5.0)"]
plugins = ["setuptools"]

[[package]]
name = "lief"
version = "0.11.5"
description = "Library to instrument executable formats"
category = "main"
optional = false
python-versions = ">=3.6"

[[package]]
name = "maturin"
version = "0.12.6"
description = "Build and publish crates with pyo3, rust-cpython and cffi bindings as well as rust binaries as python packages"
category = "main"
optional = false
python-versions = ">=3.6"

[package.dependencies]
toml = ">=0.10.2,<0.11.0"

[[package]]
name = "mypy-extensions"
version = "0.4.3"
description = "Experimental type system extensions for programs checked with the mypy typechecker."
category = "main"
optional = false
python-versions = "*"

[[package]]
name = "pathspec"
version = "0.9.0"
description = "Utility library for gitignore style pattern matching of file paths."
category = "main"
optional = false
python-versions = "!=3.0.*,!=3.1.*,!=3.2.*,!=3.3.*,!=3.4.*,>=2.7"

[[package]]
name = "platformdirs"
version = "2.4.1"
description = "A small Python module for determining appropriate platform-specific dirs, e.g. a \"user data dir\"."
category = "main"
optional = false
python-versions = ">=3.7"

[package.extras]
docs = ["Sphinx (>=4)", "furo (>=2021.7.5b38)", "proselint (>=0.10.2)", "sphinx-autodoc-typehints (>=1.12)"]
test = ["appdirs (==1.4.4)", "pytest (>=6)", "pytest-cov (>=2.7)", "pytest-mock (>=3.6)"]

[[package]]
name = "pygments"
version = "2.11.2"
description = "Pygments is a syntax highlighting package written in Python."
category = "main"
optional = false
python-versions = ">=3.5"

[[package]]
name = "rich"
version = "11.0.0"
description = "Render rich text, tables, progress bars, syntax highlighting, markdown and more to the terminal"
category = "main"
optional = false
python-versions = ">=3.6.2,<4.0.0"

[package.dependencies]
colorama = ">=0.4.0,<0.5.0"
commonmark = ">=0.9.0,<0.10.0"
pygments = ">=2.6.0,<3.0.0"

[package.extras]
jupyter = ["ipywidgets (>=7.5.1,<8.0.0)"]

[[package]]
name = "toml"
version = "0.10.2"
description = "Python Library for Tom's Obvious, Minimal Language"
category = "main"
optional = false
python-versions = ">=2.6, !=3.0.*, !=3.1.*, !=3.2.*"

[[package]]
name = "tomli"
version = "1.2.3"
description = "A lil' TOML parser"
category = "main"
optional = false
python-versions = ">=3.6"

[[package]]
name = "typing-extensions"
version = "4.0.1"
description = "Backported and Experimental Type Hints for Python 3.6+"
category = "main"
optional = false
python-versions = ">=3.6"

[metadata]
lock-version = "1.1"
python-versions = "^3.9"
content-hash = "b4961ad098aad357e0491af8f2d49b7bc32abd37b6cc202f07d599fb649a1505"

[metadata.files]
black = [
    {file = "black-21.12b0-py3-none-any.whl", hash = "sha256:a615e69ae185e08fdd73e4715e260e2479c861b5740057fde6e8b4e3b7dd589f"},
    {file = "black-21.12b0.tar.gz", hash = "sha256:77b80f693a569e2e527958459634f18df9b0ba2625ba4e0c2d5da5be42e6f2b3"},
]
click = [
    {file = "click-8.0.3-py3-none-any.whl", hash = "sha256:353f466495adaeb40b6b5f592f9f91cb22372351c84caeb068132442a4518ef3"},
    {file = "click-8.0.3.tar.gz", hash = "sha256:410e932b050f5eed773c4cda94de75971c89cdb3155a72a0831139a79e5ecb5b"},
]
colorama = [
    {file = "colorama-0.4.4-py2.py3-none-any.whl", hash = "sha256:9f47eda37229f68eee03b24b9748937c7dc3868f906e8ba69fbcbdd3bc5dc3e2"},
    {file = "colorama-0.4.4.tar.gz", hash = "sha256:5941b2b48a20143d2267e95b1c2a7603ce057ee39fd88e7329b0c292aa16869b"},
]
commonmark = [
    {file = "commonmark-0.9.1-py2.py3-none-any.whl", hash = "sha256:da2f38c92590f83de410ba1a3cbceafbc74fee9def35f9251ba9a971d6d66fd9"},
    {file = "commonmark-0.9.1.tar.gz", hash = "sha256:452f9dc859be7f06631ddcb328b6919c67984aca654e5fefb3914d54691aed60"},
]
invoke = [
    {file = "invoke-1.6.0-py2-none-any.whl", hash = "sha256:e6c9917a1e3e73e7ea91fdf82d5f151ccfe85bf30cc65cdb892444c02dbb5f74"},
    {file = "invoke-1.6.0-py3-none-any.whl", hash = "sha256:769e90caeb1bd07d484821732f931f1ad8916a38e3f3e618644687fc09cb6317"},
    {file = "invoke-1.6.0.tar.gz", hash = "sha256:374d1e2ecf78981da94bfaf95366216aaec27c2d6a7b7d5818d92da55aa258d3"},
]
isort = [
    {file = "isort-5.10.1-py3-none-any.whl", hash = "sha256:6f62d78e2f89b4500b080fe3a81690850cd254227f27f75c3a0c491a1f351ba7"},
    {file = "isort-5.10.1.tar.gz", hash = "sha256:e8443a5e7a020e9d7f97f1d7d9cd17c88bcb3bc7e218bf9cf5095fe550be2951"},
]
lief = [
    {file = "lief-0.11.5-cp310-cp310-macosx_10_14_x86_64.whl", hash = "sha256:be2b5420a8c48968c37621aa9ff0b34bc56115687f095da419ff97e4542cd27a"},
    {file = "lief-0.11.5-cp310-cp310-manylinux_2_17_x86_64.manylinux2014_x86_64.whl", hash = "sha256:4f7f33e44ea73aebdfa4f511866a919a7a8cb5cbb6a3ca573549f8137232ec7b"},
    {file = "lief-0.11.5-cp310-cp310-win32.whl", hash = "sha256:c30be8afd44f2b2441427f71b06a0cae190d535268304ba92f13b0eec9436221"},
    {file = "lief-0.11.5-cp310-cp310-win_amd64.whl", hash = "sha256:aa41e6fbd8feb7e42a1d67b99604f4c32b31e5dd1e36c99a90af73f19dc377f8"},
    {file = "lief-0.11.5-cp36-cp36m-macosx_10_14_x86_64.whl", hash = "sha256:1cca100e77382f4137a3b1283769efa0e68a965fa4f3e21e64e3f67b6e22fdc8"},
    {file = "lief-0.11.5-cp36-cp36m-manylinux1_x86_64.whl", hash = "sha256:621ad19f77884a008d61e05b92aed8309a8460e93916f4722439beaa529ca37d"},
    {file = "lief-0.11.5-cp36-cp36m-manylinux_2_17_x86_64.manylinux2014_x86_64.whl", hash = "sha256:c672dcd78dbbe2c0746721cdb1593b237a8b983d039e73713b055449e4a58207"},
    {file = "lief-0.11.5-cp36-cp36m-win32.whl", hash = "sha256:5a0da170943aaf7019b27b9a7199b860298426c0455f88add392f472605c39ee"},
    {file = "lief-0.11.5-cp36-cp36m-win_amd64.whl", hash = "sha256:5f5fb42461b5d5d5b2ccf7fe17e8f26bd632afcbaedf29a9d30819eeea5dab29"},
    {file = "lief-0.11.5-cp37-cp37m-macosx_10_14_x86_64.whl", hash = "sha256:710112ebc642bf5287a7b25c54c8a4e1079cbb403d4e844a364e1c3cbed52486"},
    {file = "lief-0.11.5-cp37-cp37m-manylinux1_x86_64.whl", hash = "sha256:bfc0246af63361e22a952f8babd542477d64288d993c5a053a72f9e3f59da795"},
    {file = "lief-0.11.5-cp37-cp37m-manylinux2014_aarch64.whl", hash = "sha256:8b219ce4a41b0734fe9a7fbfde7d23a92bc005c8684882662808fc438568c1b5"},
    {file = "lief-0.11.5-cp37-cp37m-manylinux_2_17_x86_64.manylinux2014_x86_64.whl", hash = "sha256:3f510836d19cee407015ee565ea566e444471f0ecb3028a5c5e2219a7583f3c4"},
    {file = "lief-0.11.5-cp37-cp37m-win32.whl", hash = "sha256:9c6cc9da3e3a56ad29fc4e77e7109e960bd0cae3e3ba5307e3ae5c65d85fbdc4"},
    {file = "lief-0.11.5-cp37-cp37m-win_amd64.whl", hash = "sha256:a1f7792f1d811a898d3d676c32731d6b055573a2c3e67988ab1b32917db3de96"},
    {file = "lief-0.11.5-cp38-cp38-macosx_10_14_x86_64.whl", hash = "sha256:fd41077526e30bfcafa3d03bff8466a4a9ae4bbe21cadd6a09168a62ce18710c"},
    {file = "lief-0.11.5-cp38-cp38-macosx_11_0_arm64.whl", hash = "sha256:5122e4e70fecc32e7fdf2e9cd9b580ddd63fb4509eae373be78b3c11d67175b8"},
    {file = "lief-0.11.5-cp38-cp38-manylinux1_x86_64.whl", hash = "sha256:e6d9621c1db852ca4de37efe98151838edf0a976fe03cace471b3a761861f95e"},
    {file = "lief-0.11.5-cp38-cp38-manylinux2014_aarch64.whl", hash = "sha256:17314177c0124ccd450554bbcb203b8cd2660c94e36bdc05a6eba04bb0af3954"},
    {file = "lief-0.11.5-cp38-cp38-manylinux_2_17_x86_64.manylinux2014_x86_64.whl", hash = "sha256:b275a542b5ef173ec9602d2f511a895c4228db63bbbc58699859da4afe8bfd58"},
    {file = "lief-0.11.5-cp38-cp38-win32.whl", hash = "sha256:208294f208354f57ded772efc4c3b2ea61fae35325a048d38c21571cb35e4bfc"},
    {file = "lief-0.11.5-cp38-cp38-win_amd64.whl", hash = "sha256:f4e8a878615a46ef4ae016261a59152b8c019a35adb865e26a37c8ef25200d7e"},
    {file = "lief-0.11.5-cp39-cp39-macosx_10_14_x86_64.whl", hash = "sha256:544b0f8a587bc5f6fd39cf47d9785af2714f982682efcd1dd3291604e7cb6351"},
    {file = "lief-0.11.5-cp39-cp39-macosx_11_0_arm64.whl", hash = "sha256:e743345290649f54efcf2c1ea530f3520a7b22583fb8b0772df48b1901ecb1ea"},
    {file = "lief-0.11.5-cp39-cp39-manylinux1_x86_64.whl", hash = "sha256:eb8c2ae617ff54c4ea73dbd055544681b3cfeafbdbf0fe4535fac494515ab65b"},
    {file = "lief-0.11.5-cp39-cp39-manylinux2014_aarch64.whl", hash = "sha256:a4bb649a2f5404b8e2e4b8beb3772466430e7382fc5f7f014f3f778137133987"},
    {file = "lief-0.11.5-cp39-cp39-manylinux_2_17_x86_64.manylinux2014_x86_64.whl", hash = "sha256:44bd7804a39837ff46cd543154f6e4a28e2d4fafa312752ca6deea1c849995ce"},
    {file = "lief-0.11.5-cp39-cp39-win32.whl", hash = "sha256:8fd1ecdb3001e8e19df7278b77df5d6394ad6071354e177d11ad08b0a727d390"},
    {file = "lief-0.11.5-cp39-cp39-win_amd64.whl", hash = "sha256:c773eaee900f398cc98a9c8501d9ab7465af9729979841bb78f4aaa8b821fd9a"},
    {file = "lief-0.11.5.zip", hash = "sha256:932ba495388fb52b4ba056a0b00abe0bda3567ad3ebc6d726be1e87b8be08b3f"},
]
maturin = [
    {file = "maturin-0.12.6-py3-none-macosx_10_7_x86_64.whl", hash = "sha256:7c36e8ee53fb6f544d8f1b1b480035bf204806494be5aa44394a278b5cf9b522"},
    {file = "maturin-0.12.6-py3-none-macosx_10_9_x86_64.macosx_11_0_arm64.macosx_10_9_universal2.whl", hash = "sha256:90d6ed47fa51d902e0afba0b469652f76e1b0e799af2910712c5dec3d1343003"},
    {file = "maturin-0.12.6-py3-none-manylinux_2_12_i686.manylinux2010_i686.whl", hash = "sha256:8f703e15fefc1424d3d4e65db62364bf930cbc46cf0fdaf44b788f6d895dc8b7"},
    {file = "maturin-0.12.6-py3-none-manylinux_2_17_aarch64.manylinux2014_aarch64.whl", hash = "sha256:d502c69f55e21de00645005aa1e4562979c07e26264e5ca00c0369fac1419b96"},
    {file = "maturin-0.12.6-py3-none-manylinux_2_17_armv7l.manylinux2014_armv7l.whl", hash = "sha256:55b9e04eaa6809ed2b6b62bf56e0cfc9cc700b0824ffa565ff3b6cbcff519a46"},
    {file = "maturin-0.12.6-py3-none-manylinux_2_17_ppc64le.manylinux2014_ppc64le.whl", hash = "sha256:da86507d756c478b0847ae673f49073643d48633d0297cfdf8a1af4205c8cdce"},
    {file = "maturin-0.12.6-py3-none-manylinux_2_17_s390x.manylinux2014_s390x.whl", hash = "sha256:ff18b33ca7453c38868d3a8a74540052f12b5a67de87c8ed409c19ba6aad48f2"},
    {file = "maturin-0.12.6-py3-none-manylinux_2_5_x86_64.manylinux1_x86_64.whl", hash = "sha256:a67e20421d5f9f82f9c22b2fe5aa787b21f2dbbb8456d939b57d6999e02c4ccf"},
    {file = "maturin-0.12.6-py3-none-musllinux_1_1_aarch64.whl", hash = "sha256:52a278cae8905b52be760a01186647c94bb87bd7e5788ff1fa6e8fd53e075f7b"},
    {file = "maturin-0.12.6-py3-none-musllinux_1_1_armv7l.whl", hash = "sha256:ef5fe408f5f1966d80bc78a65288501d721aed5a33a6bfe41c801504f266197d"},
    {file = "maturin-0.12.6-py3-none-musllinux_1_1_i686.whl", hash = "sha256:f0f76f607652be769f2c3f3c41eb82b450901b6e17208c1086fd2e896056f5de"},
    {file = "maturin-0.12.6-py3-none-musllinux_1_1_ppc64le.whl", hash = "sha256:9829673dc54b306dd92ff3e5230a9e6e9704573ff2a4d1289728c277686113be"},
    {file = "maturin-0.12.6-py3-none-musllinux_1_1_x86_64.whl", hash = "sha256:1d77c2ed1ec225a5d013195605f32d8206230da441e1c95eb2627692acf68b44"},
    {file = "maturin-0.12.6-py3-none-win32.whl", hash = "sha256:1ecafea37426a49e2f5369b350c62a76a87ed6fb97d627e08d7349df99099dc8"},
    {file = "maturin-0.12.6-py3-none-win_amd64.whl", hash = "sha256:9c5476aae0d60215039d76d64175791c20741e7b6ab0174b6bb356289029890e"},
    {file = "maturin-0.12.6-py3-none-win_arm64.whl", hash = "sha256:3c28d685e0449f0110b1f5810643eca348a382adffef9cdd1a76cb181e3ddede"},
    {file = "maturin-0.12.6.tar.gz", hash = "sha256:2b14cfae808b45a130e19b2999acea423d2e10e7a29ae2336996ba72ba442ff6"},
]
mypy-extensions = [
    {file = "mypy_extensions-0.4.3-py2.py3-none-any.whl", hash = "sha256:090fedd75945a69ae91ce1303b5824f428daf5a028d2f6ab8a299250a846f15d"},
    {file = "mypy_extensions-0.4.3.tar.gz", hash = "sha256:2d82818f5bb3e369420cb3c4060a7970edba416647068eb4c5343488a6c604a8"},
]
pathspec = [
    {file = "pathspec-0.9.0-py2.py3-none-any.whl", hash = "sha256:7d15c4ddb0b5c802d161efc417ec1a2558ea2653c2e8ad9c19098201dc1c993a"},
    {file = "pathspec-0.9.0.tar.gz", hash = "sha256:e564499435a2673d586f6b2130bb5b95f04a3ba06f81b8f895b651a3c76aabb1"},
]
platformdirs = [
    {file = "platformdirs-2.4.1-py3-none-any.whl", hash = "sha256:1d7385c7db91728b83efd0ca99a5afb296cab9d0ed8313a45ed8ba17967ecfca"},
    {file = "platformdirs-2.4.1.tar.gz", hash = "sha256:440633ddfebcc36264232365d7840a970e75e1018d15b4327d11f91909045fda"},
]
pygments = [
    {file = "Pygments-2.11.2-py3-none-any.whl", hash = "sha256:44238f1b60a76d78fc8ca0528ee429702aae011c265fe6a8dd8b63049ae41c65"},
    {file = "Pygments-2.11.2.tar.gz", hash = "sha256:4e426f72023d88d03b2fa258de560726ce890ff3b630f88c21cbb8b2503b8c6a"},
]
rich = [
    {file = "rich-11.0.0-py3-none-any.whl", hash = "sha256:d7a8086aa1fa7e817e3bba544eee4fd82047ef59036313147759c11475f0dafd"},
    {file = "rich-11.0.0.tar.gz", hash = "sha256:c32a8340b21c75931f157466fefe81ae10b92c36a5ea34524dff3767238774a4"},
]
toml = [
    {file = "toml-0.10.2-py2.py3-none-any.whl", hash = "sha256:806143ae5bfb6a3c6e736a764057db0e6a0e05e338b5630894a5f779cabb4f9b"},
    {file = "toml-0.10.2.tar.gz", hash = "sha256:b3bda1d108d5dd99f4a20d24d9c348e91c4db7ab1b749200bded2f839ccbe68f"},
]
tomli = [
    {file = "tomli-1.2.3-py3-none-any.whl", hash = "sha256:e3069e4be3ead9668e21cb9b074cd948f7b3113fd9c8bba083f48247aab8b11c"},
    {file = "tomli-1.2.3.tar.gz", hash = "sha256:05b6166bff487dc068d322585c7ea4ef78deed501cc124060e0f238e89a9231f"},
]
typing-extensions = [
    {file = "typing_extensions-4.0.1-py3-none-any.whl", hash = "sha256:7f001e5ac290a0c0401508864c7ec868be4e701886d5b573a9528ed3973d9d3b"},
    {file = "typing_extensions-4.0.1.tar.gz", hash = "sha256:4ca091dea149f945ec56afb48dae714f21e8692ef22a395223bcd328961b6a0e"},
]
